// !$*UTF8*$!
{
	archiveVersion = 1;
	classes = {
	};
	objectVersion = 77;
	objects = {

/* Begin PBXBuildFile section */
		276FD55B2E72EC3A007E282D /* FirebaseAI in Frameworks */ = {isa = PBXBuildFile; productRef = 276FD55A2E72EC3A007E282D /* FirebaseAI */; };
		276FD55D2E72EC3A007E282D /* FirebaseAnalytics in Frameworks */ = {isa = PBXBuildFile; productRef = 276FD55C2E72EC3A007E282D /* FirebaseAnalytics */; };
		276FD55F2E72EC3A007E282D /* FirebaseAnalyticsCore in Frameworks */ = {isa = PBXBuildFile; productRef = 276FD55E2E72EC3A007E282D /* FirebaseAnalyticsCore */; };
		276FD5612E72EC3A007E282D /* FirebaseAnalyticsIdentitySupport in Frameworks */ = {isa = PBXBuildFile; productRef = 276FD5602E72EC3A007E282D /* FirebaseAnalyticsIdentitySupport */; };
		276FD5632E72EC3A007E282D /* FirebaseAppCheck in Frameworks */ = {isa = PBXBuildFile; productRef = 276FD5622E72EC3A007E282D /* FirebaseAppCheck */; };
		276FD5652E72EC3A007E282D /* FirebaseAppDistribution-Beta in Frameworks */ = {isa = PBXBuildFile; productRef = 276FD5642E72EC3A007E282D /* FirebaseAppDistribution-Beta */; };
		276FD5672E72EC3A007E282D /* FirebaseAuth in Frameworks */ = {isa = PBXBuildFile; productRef = 276FD5662E72EC3A007E282D /* FirebaseAuth */; };
		276FD5692E72EC3A007E282D /* FirebaseAuthCombine-Community in Frameworks */ = {isa = PBXBuildFile; productRef = 276FD5682E72EC3A007E282D /* FirebaseAuthCombine-Community */; };
		276FD56B2E72EC3A007E282D /* FirebaseCore in Frameworks */ = {isa = PBXBuildFile; productRef = 276FD56A2E72EC3A007E282D /* FirebaseCore */; };
		276FD56D2E72EC3A007E282D /* FirebaseCrashlytics in Frameworks */ = {isa = PBXBuildFile; productRef = 276FD56C2E72EC3A007E282D /* FirebaseCrashlytics */; };
		276FD56F2E72EC3A007E282D /* FirebaseDatabase in Frameworks */ = {isa = PBXBuildFile; productRef = 276FD56E2E72EC3A007E282D /* FirebaseDatabase */; };
		276FD5712E72EC3A007E282D /* FirebaseFirestore in Frameworks */ = {isa = PBXBuildFile; productRef = 276FD5702E72EC3A007E282D /* FirebaseFirestore */; };
		276FD5732E72EC3A007E282D /* FirebaseFirestoreCombine-Community in Frameworks */ = {isa = PBXBuildFile; productRef = 276FD5722E72EC3A007E282D /* FirebaseFirestoreCombine-Community */; };
		276FD5752E72EC3A007E282D /* FirebaseFunctions in Frameworks */ = {isa = PBXBuildFile; productRef = 276FD5742E72EC3A007E282D /* FirebaseFunctions */; };
		276FD5772E72EC3A007E282D /* FirebaseFunctionsCombine-Community in Frameworks */ = {isa = PBXBuildFile; productRef = 276FD5762E72EC3A007E282D /* FirebaseFunctionsCombine-Community */; };
		276FD5792E72EC3A007E282D /* FirebaseInAppMessaging-Beta in Frameworks */ = {isa = PBXBuildFile; productRef = 276FD5782E72EC3A007E282D /* FirebaseInAppMessaging-Beta */; };
		276FD57B2E72EC3A007E282D /* FirebaseInstallations in Frameworks */ = {isa = PBXBuildFile; productRef = 276FD57A2E72EC3A007E282D /* FirebaseInstallations */; };
		276FD57D2E72EC3A007E282D /* FirebaseMLModelDownloader in Frameworks */ = {isa = PBXBuildFile; productRef = 276FD57C2E72EC3A007E282D /* FirebaseMLModelDownloader */; };
		276FD57F2E72EC3A007E282D /* FirebaseMessaging in Frameworks */ = {isa = PBXBuildFile; productRef = 276FD57E2E72EC3A007E282D /* FirebaseMessaging */; };
		276FD5812E72EC3A007E282D /* FirebasePerformance in Frameworks */ = {isa = PBXBuildFile; productRef = 276FD5802E72EC3A007E282D /* FirebasePerformance */; };
		276FD5832E72EC3A007E282D /* FirebaseRemoteConfig in Frameworks */ = {isa = PBXBuildFile; productRef = 276FD5822E72EC3A007E282D /* FirebaseRemoteConfig */; };
		276FD5852E72EC3A007E282D /* FirebaseStorage in Frameworks */ = {isa = PBXBuildFile; productRef = 276FD5842E72EC3A007E282D /* FirebaseStorage */; };
		276FD5872E72EC3A007E282D /* FirebaseStorageCombine-Community in Frameworks */ = {isa = PBXBuildFile; productRef = 276FD5862E72EC3A007E282D /* FirebaseStorageCombine-Community */; };
/* End PBXBuildFile section */

/* Begin PBXFileReference section */
		276FD5472E72EBBB007E282D /* timeline.app */ = {isa = PBXFileReference; explicitFileType = wrapper.application; includeInIndex = 0; path = timeline.app; sourceTree = BUILT_PRODUCTS_DIR; };
/* End PBXFileReference section */

/* Begin PBXFileSystemSynchronizedBuildFileExceptionSet section */
		277D1D452E7A9F60008979F6 /* Exceptions for "timeline" folder in "timeline" target */ = {
			isa = PBXFileSystemSynchronizedBuildFileExceptionSet;
			membershipExceptions = (
				Info.plist,
			);
			target = 276FD5462E72EBBB007E282D /* timeline */;
		};
/* End PBXFileSystemSynchronizedBuildFileExceptionSet section */

/* Begin PBXFileSystemSynchronizedRootGroup section */
		276FD5492E72EBBB007E282D /* timeline */ = {
			isa = PBXFileSystemSynchronizedRootGroup;
			exceptions = (
				277D1D452E7A9F60008979F6 /* Exceptions for "timeline" folder in "timeline" target */,
			);
			path = timeline;
			sourceTree = "<group>";
		};
/* End PBXFileSystemSynchronizedRootGroup section */

/* Begin PBXFrameworksBuildPhase section */
		276FD5442E72EBBB007E282D /* Frameworks */ = {
			isa = PBXFrameworksBuildPhase;
			buildActionMask = 2147483647;
			files = (
				276FD5732E72EC3A007E282D /* FirebaseFirestoreCombine-Community in Frameworks */,
				276FD5752E72EC3A007E282D /* FirebaseFunctions in Frameworks */,
				276FD5812E72EC3A007E282D /* FirebasePerformance in Frameworks */,
				276FD5872E72EC3A007E282D /* FirebaseStorageCombine-Community in Frameworks */,
				276FD5832E72EC3A007E282D /* FirebaseRemoteConfig in Frameworks */,
				276FD5612E72EC3A007E282D /* FirebaseAnalyticsIdentitySupport in Frameworks */,
				276FD55D2E72EC3A007E282D /* FirebaseAnalytics in Frameworks */,
				276FD55F2E72EC3A007E282D /* FirebaseAnalyticsCore in Frameworks */,
				276FD5632E72EC3A007E282D /* FirebaseAppCheck in Frameworks */,
				276FD55B2E72EC3A007E282D /* FirebaseAI in Frameworks */,
				276FD5712E72EC3A007E282D /* FirebaseFirestore in Frameworks */,
				276FD57F2E72EC3A007E282D /* FirebaseMessaging in Frameworks */,
				276FD57B2E72EC3A007E282D /* FirebaseInstallations in Frameworks */,
				276FD5772E72EC3A007E282D /* FirebaseFunctionsCombine-Community in Frameworks */,
				276FD5672E72EC3A007E282D /* FirebaseAuth in Frameworks */,
				276FD5652E72EC3A007E282D /* FirebaseAppDistribution-Beta in Frameworks */,
				276FD5792E72EC3A007E282D /* FirebaseInAppMessaging-Beta in Frameworks */,
				276FD56D2E72EC3A007E282D /* FirebaseCrashlytics in Frameworks */,
				276FD56F2E72EC3A007E282D /* FirebaseDatabase in Frameworks */,
				276FD57D2E72EC3A007E282D /* FirebaseMLModelDownloader in Frameworks */,
				276FD5852E72EC3A007E282D /* FirebaseStorage in Frameworks */,
				276FD56B2E72EC3A007E282D /* FirebaseCore in Frameworks */,
				276FD5692E72EC3A007E282D /* FirebaseAuthCombine-Community in Frameworks */,
			);
			runOnlyForDeploymentPostprocessing = 0;
		};
/* End PBXFrameworksBuildPhase section */

/* Begin PBXGroup section */
		276FD53E2E72EBBB007E282D = {
			isa = PBXGroup;
			children = (
				276FD5492E72EBBB007E282D /* timeline */,
				276FD5482E72EBBB007E282D /* Products */,
			);
			sourceTree = "<group>";
		};
		276FD5482E72EBBB007E282D /* Products */ = {
			isa = PBXGroup;
			children = (
				276FD5472E72EBBB007E282D /* timeline.app */,
			);
			name = Products;
			sourceTree = "<group>";
		};
/* End PBXGroup section */

/* Begin PBXNativeTarget section */
		276FD5462E72EBBB007E282D /* timeline */ = {
			isa = PBXNativeTarget;
			buildConfigurationList = 276FD5542E72EBBF007E282D /* Build configuration list for PBXNativeTarget "timeline" */;
			buildPhases = (
				276FD5432E72EBBB007E282D /* Sources */,
				276FD5442E72EBBB007E282D /* Frameworks */,
				276FD5452E72EBBB007E282D /* Resources */,
			);
			buildRules = (
			);
			dependencies = (
			);
			fileSystemSynchronizedGroups = (
				276FD5492E72EBBB007E282D /* timeline */,
			);
			name = timeline;
			packageProductDependencies = (
				276FD55A2E72EC3A007E282D /* FirebaseAI */,
				276FD55C2E72EC3A007E282D /* FirebaseAnalytics */,
				276FD55E2E72EC3A007E282D /* FirebaseAnalyticsCore */,
				276FD5602E72EC3A007E282D /* FirebaseAnalyticsIdentitySupport */,
				276FD5622E72EC3A007E282D /* FirebaseAppCheck */,
				276FD5642E72EC3A007E282D /* FirebaseAppDistribution-Beta */,
				276FD5662E72EC3A007E282D /* FirebaseAuth */,
				276FD5682E72EC3A007E282D /* FirebaseAuthCombine-Community */,
				276FD56A2E72EC3A007E282D /* FirebaseCore */,
				276FD56C2E72EC3A007E282D /* FirebaseCrashlytics */,
				276FD56E2E72EC3A007E282D /* FirebaseDatabase */,
				276FD5702E72EC3A007E282D /* FirebaseFirestore */,
				276FD5722E72EC3A007E282D /* FirebaseFirestoreCombine-Community */,
				276FD5742E72EC3A007E282D /* FirebaseFunctions */,
				276FD5762E72EC3A007E282D /* FirebaseFunctionsCombine-Community */,
				276FD5782E72EC3A007E282D /* FirebaseInAppMessaging-Beta */,
				276FD57A2E72EC3A007E282D /* FirebaseInstallations */,
				276FD57C2E72EC3A007E282D /* FirebaseMLModelDownloader */,
				276FD57E2E72EC3A007E282D /* FirebaseMessaging */,
				276FD5802E72EC3A007E282D /* FirebasePerformance */,
				276FD5822E72EC3A007E282D /* FirebaseRemoteConfig */,
				276FD5842E72EC3A007E282D /* FirebaseStorage */,
				276FD5862E72EC3A007E282D /* FirebaseStorageCombine-Community */,
			);
			productName = timeline;
			productReference = 276FD5472E72EBBB007E282D /* timeline.app */;
			productType = "com.apple.product-type.application";
		};
/* End PBXNativeTarget section */

/* Begin PBXProject section */
		276FD53F2E72EBBB007E282D /* Project object */ = {
			isa = PBXProject;
			attributes = {
				BuildIndependentTargetsInParallel = 1;
				LastSwiftUpdateCheck = 1640;
				LastUpgradeCheck = 2600;
				TargetAttributes = {
					276FD5462E72EBBB007E282D = {
						CreatedOnToolsVersion = 16.4;
					};
				};
			};
			buildConfigurationList = 276FD5422E72EBBB007E282D /* Build configuration list for PBXProject "timeline" */;
			developmentRegion = en;
			hasScannedForEncodings = 0;
			knownRegions = (
				en,
				Base,
			);
			mainGroup = 276FD53E2E72EBBB007E282D;
			minimizedProjectReferenceProxies = 1;
			packageReferences = (
				276FD5592E72EC3A007E282D /* XCRemoteSwiftPackageReference "firebase-ios-sdk" */,
			);
			preferredProjectObjectVersion = 77;
			productRefGroup = 276FD5482E72EBBB007E282D /* Products */;
			projectDirPath = "";
			projectRoot = "";
			targets = (
				276FD5462E72EBBB007E282D /* timeline */,
			);
		};
/* End PBXProject section */

/* Begin PBXResourcesBuildPhase section */
		276FD5452E72EBBB007E282D /* Resources */ = {
			isa = PBXResourcesBuildPhase;
			buildActionMask = 2147483647;
			files = (
			);
			runOnlyForDeploymentPostprocessing = 0;
		};
/* End PBXResourcesBuildPhase section */

/* Begin PBXSourcesBuildPhase section */
		276FD5432E72EBBB007E282D /* Sources */ = {
			isa = PBXSourcesBuildPhase;
			buildActionMask = 2147483647;
			files = (
			);
			runOnlyForDeploymentPostprocessing = 0;
		};
/* End PBXSourcesBuildPhase section */

/* Begin XCBuildConfiguration section */
		276FD5522E72EBBF007E282D /* Debug */ = {
			isa = XCBuildConfiguration;
			buildSettings = {
				ALWAYS_SEARCH_USER_PATHS = NO;
				ASSETCATALOG_COMPILER_GENERATE_SWIFT_ASSET_SYMBOL_EXTENSIONS = YES;
				CLANG_ANALYZER_NONNULL = YES;
				CLANG_ANALYZER_NUMBER_OBJECT_CONVERSION = YES_AGGRESSIVE;
				CLANG_CXX_LANGUAGE_STANDARD = "gnu++20";
				CLANG_ENABLE_MODULES = YES;
				CLANG_ENABLE_OBJC_ARC = YES;
				CLANG_ENABLE_OBJC_WEAK = YES;
				CLANG_WARN_BLOCK_CAPTURE_AUTORELEASING = YES;
				CLANG_WARN_BOOL_CONVERSION = YES;
				CLANG_WARN_COMMA = YES;
				CLANG_WARN_CONSTANT_CONVERSION = YES;
				CLANG_WARN_DEPRECATED_OBJC_IMPLEMENTATIONS = YES;
				CLANG_WARN_DIRECT_OBJC_ISA_USAGE = YES_ERROR;
				CLANG_WARN_DOCUMENTATION_COMMENTS = YES;
				CLANG_WARN_EMPTY_BODY = YES;
				CLANG_WARN_ENUM_CONVERSION = YES;
				CLANG_WARN_INFINITE_RECURSION = YES;
				CLANG_WARN_INT_CONVERSION = YES;
				CLANG_WARN_NON_LITERAL_NULL_CONVERSION = YES;
				CLANG_WARN_OBJC_IMPLICIT_RETAIN_SELF = YES;
				CLANG_WARN_OBJC_LITERAL_CONVERSION = YES;
				CLANG_WARN_OBJC_ROOT_CLASS = YES_ERROR;
				CLANG_WARN_QUOTED_INCLUDE_IN_FRAMEWORK_HEADER = YES;
				CLANG_WARN_RANGE_LOOP_ANALYSIS = YES;
				CLANG_WARN_STRICT_PROTOTYPES = YES;
				CLANG_WARN_SUSPICIOUS_MOVE = YES;
				CLANG_WARN_UNGUARDED_AVAILABILITY = YES_AGGRESSIVE;
				CLANG_WARN_UNREACHABLE_CODE = YES;
				CLANG_WARN__DUPLICATE_METHOD_MATCH = YES;
				COPY_PHASE_STRIP = NO;
				DEAD_CODE_STRIPPING = YES;
				DEBUG_INFORMATION_FORMAT = dwarf;
				DEVELOPMENT_TEAM = B897YNXQ77;
				ENABLE_STRICT_OBJC_MSGSEND = YES;
				ENABLE_TESTABILITY = YES;
				ENABLE_USER_SCRIPT_SANDBOXING = YES;
				GCC_C_LANGUAGE_STANDARD = gnu17;
				GCC_DYNAMIC_NO_PIC = NO;
				GCC_NO_COMMON_BLOCKS = YES;
				GCC_OPTIMIZATION_LEVEL = 0;
				GCC_PREPROCESSOR_DEFINITIONS = (
					"DEBUG=1",
					"$(inherited)",
				);
				GCC_WARN_64_TO_32_BIT_CONVERSION = YES;
				GCC_WARN_ABOUT_RETURN_TYPE = YES_ERROR;
				GCC_WARN_UNDECLARED_SELECTOR = YES;
				GCC_WARN_UNINITIALIZED_AUTOS = YES_AGGRESSIVE;
				GCC_WARN_UNUSED_FUNCTION = YES;
				GCC_WARN_UNUSED_VARIABLE = YES;
				LOCALIZATION_PREFERS_STRING_CATALOGS = YES;
				MTL_ENABLE_DEBUG_INFO = INCLUDE_SOURCE;
				MTL_FAST_MATH = YES;
				ONLY_ACTIVE_ARCH = YES;
				STRING_CATALOG_GENERATE_SYMBOLS = YES;
				SWIFT_ACTIVE_COMPILATION_CONDITIONS = "DEBUG $(inherited)";
				SWIFT_OPTIMIZATION_LEVEL = "-Onone";
			};
			name = Debug;
		};
		276FD5532E72EBBF007E282D /* Release */ = {
			isa = XCBuildConfiguration;
			buildSettings = {
				ALWAYS_SEARCH_USER_PATHS = NO;
				ASSETCATALOG_COMPILER_GENERATE_SWIFT_ASSET_SYMBOL_EXTENSIONS = YES;
				CLANG_ANALYZER_NONNULL = YES;
				CLANG_ANALYZER_NUMBER_OBJECT_CONVERSION = YES_AGGRESSIVE;
				CLANG_CXX_LANGUAGE_STANDARD = "gnu++20";
				CLANG_ENABLE_MODULES = YES;
				CLANG_ENABLE_OBJC_ARC = YES;
				CLANG_ENABLE_OBJC_WEAK = YES;
				CLANG_WARN_BLOCK_CAPTURE_AUTORELEASING = YES;
				CLANG_WARN_BOOL_CONVERSION = YES;
				CLANG_WARN_COMMA = YES;
				CLANG_WARN_CONSTANT_CONVERSION = YES;
				CLANG_WARN_DEPRECATED_OBJC_IMPLEMENTATIONS = YES;
				CLANG_WARN_DIRECT_OBJC_ISA_USAGE = YES_ERROR;
				CLANG_WARN_DOCUMENTATION_COMMENTS = YES;
				CLANG_WARN_EMPTY_BODY = YES;
				CLANG_WARN_ENUM_CONVERSION = YES;
				CLANG_WARN_INFINITE_RECURSION = YES;
				CLANG_WARN_INT_CONVERSION = YES;
				CLANG_WARN_NON_LITERAL_NULL_CONVERSION = YES;
				CLANG_WARN_OBJC_IMPLICIT_RETAIN_SELF = YES;
				CLANG_WARN_OBJC_LITERAL_CONVERSION = YES;
				CLANG_WARN_OBJC_ROOT_CLASS = YES_ERROR;
				CLANG_WARN_QUOTED_INCLUDE_IN_FRAMEWORK_HEADER = YES;
				CLANG_WARN_RANGE_LOOP_ANALYSIS = YES;
				CLANG_WARN_STRICT_PROTOTYPES = YES;
				CLANG_WARN_SUSPICIOUS_MOVE = YES;
				CLANG_WARN_UNGUARDED_AVAILABILITY = YES_AGGRESSIVE;
				CLANG_WARN_UNREACHABLE_CODE = YES;
				CLANG_WARN__DUPLICATE_METHOD_MATCH = YES;
				COPY_PHASE_STRIP = NO;
				DEAD_CODE_STRIPPING = YES;
				DEBUG_INFORMATION_FORMAT = "dwarf-with-dsym";
				DEVELOPMENT_TEAM = B897YNXQ77;
				ENABLE_NS_ASSERTIONS = NO;
				ENABLE_STRICT_OBJC_MSGSEND = YES;
				ENABLE_USER_SCRIPT_SANDBOXING = YES;
				GCC_C_LANGUAGE_STANDARD = gnu17;
				GCC_NO_COMMON_BLOCKS = YES;
				GCC_WARN_64_TO_32_BIT_CONVERSION = YES;
				GCC_WARN_ABOUT_RETURN_TYPE = YES_ERROR;
				GCC_WARN_UNDECLARED_SELECTOR = YES;
				GCC_WARN_UNINITIALIZED_AUTOS = YES_AGGRESSIVE;
				GCC_WARN_UNUSED_FUNCTION = YES;
				GCC_WARN_UNUSED_VARIABLE = YES;
				LOCALIZATION_PREFERS_STRING_CATALOGS = YES;
				MTL_ENABLE_DEBUG_INFO = NO;
				MTL_FAST_MATH = YES;
				STRING_CATALOG_GENERATE_SYMBOLS = YES;
				SWIFT_COMPILATION_MODE = wholemodule;
			};
			name = Release;
		};
		276FD5552E72EBBF007E282D /* Debug */ = {
			isa = XCBuildConfiguration;
			buildSettings = {
				ASSETCATALOG_COMPILER_APPICON_NAME = AppIcon;
				ASSETCATALOG_COMPILER_GLOBAL_ACCENT_COLOR_NAME = AccentColor;
				CODE_SIGN_ENTITLEMENTS = "";
				CODE_SIGN_STYLE = Automatic;
				CURRENT_PROJECT_VERSION = 1;
				DEAD_CODE_STRIPPING = YES;
				DEVELOPMENT_TEAM = B897YNXQ77;
				ENABLE_HARDENED_RUNTIME = YES;
				ENABLE_PREVIEWS = YES;
				GENERATE_INFOPLIST_FILE = YES;
				INFOPLIST_FILE = timeline/Info.plist;
				INFOPLIST_KEY_CFBundleDisplayName = "";
				INFOPLIST_KEY_CFBundleURLTypes = "(CFBundleURLSchemes = (timeline))";
				INFOPLIST_KEY_FirebaseAnalyticsEnabled = NO;
				INFOPLIST_KEY_FirebaseAppDelegateProxyEnabled = NO;
				INFOPLIST_KEY_FirebaseInAppMessagingAutomaticDataCollectionEnabled = NO;
				INFOPLIST_KEY_FirebaseMessagingAutoInitEnabled = NO;
				INFOPLIST_KEY_LSApplicationCategoryType = "public.app-category.games";
				INFOPLIST_KEY_NSCameraUsageDescription = "This app\n  requires camera access to scan QR codes for game joining.";
				"INFOPLIST_KEY_UIApplicationSceneManifest_Generation[sdk=iphoneos*]" = YES;
				"INFOPLIST_KEY_UIApplicationSceneManifest_Generation[sdk=iphonesimulator*]" = YES;
				"INFOPLIST_KEY_UIApplicationSupportsIndirectInputEvents[sdk=iphoneos*]" = YES;
				"INFOPLIST_KEY_UIApplicationSupportsIndirectInputEvents[sdk=iphonesimulator*]" = YES;
				"INFOPLIST_KEY_UILaunchScreen_Generation[sdk=iphoneos*]" = YES;
				"INFOPLIST_KEY_UILaunchScreen_Generation[sdk=iphonesimulator*]" = YES;
				"INFOPLIST_KEY_UIStatusBarStyle[sdk=iphoneos*]" = UIStatusBarStyleDefault;
				"INFOPLIST_KEY_UIStatusBarStyle[sdk=iphonesimulator*]" = UIStatusBarStyleDefault;
				INFOPLIST_KEY_UISupportedInterfaceOrientations_iPad = "UIInterfaceOrientationPortrait UIInterfaceOrientationPortraitUpsideDown UIInterfaceOrientationLandscapeLeft UIInterfaceOrientationLandscapeRight";
				INFOPLIST_KEY_UISupportedInterfaceOrientations_iPhone = "UIInterfaceOrientationPortrait UIInterfaceOrientationLandscapeLeft UIInterfaceOrientationLandscapeRight";
				IPHONEOS_DEPLOYMENT_TARGET = 18.5;
				LD_RUNPATH_SEARCH_PATHS = "@executable_path/Frameworks";
				"LD_RUNPATH_SEARCH_PATHS[sdk=macosx*]" = "@executable_path/../Frameworks";
				MACOSX_DEPLOYMENT_TARGET = 15.5;
				MARKETING_VERSION = 1.0;
				PRODUCT_BUNDLE_IDENTIFIER = org.vitalys.timeline;
				PRODUCT_NAME = "$(TARGET_NAME)";
				REGISTER_APP_GROUPS = YES;
				SDKROOT = auto;
				SUPPORTED_PLATFORMS = "iphoneos iphonesimulator macosx xros xrsimulator";
				SWIFT_EMIT_LOC_STRINGS = YES;
				SWIFT_VERSION = 5.0;
				TARGETED_DEVICE_FAMILY = "1,2,7";
				XROS_DEPLOYMENT_TARGET = 2.5;
			};
			name = Debug;
		};
		276FD5562E72EBBF007E282D /* Release */ = {
			isa = XCBuildConfiguration;
			buildSettings = {
				ASSETCATALOG_COMPILER_APPICON_NAME = AppIcon;
				ASSETCATALOG_COMPILER_GLOBAL_ACCENT_COLOR_NAME = AccentColor;
				CODE_SIGN_ENTITLEMENTS = "";
				CODE_SIGN_STYLE = Automatic;
				CURRENT_PROJECT_VERSION = 1;
				DEAD_CODE_STRIPPING = YES;
				DEVELOPMENT_TEAM = B897YNXQ77;
				ENABLE_HARDENED_RUNTIME = YES;
				ENABLE_PREVIEWS = YES;
				GENERATE_INFOPLIST_FILE = YES;
				INFOPLIST_FILE = timeline/Info.plist;
				INFOPLIST_KEY_CFBundleDisplayName = "";
				INFOPLIST_KEY_CFBundleURLTypes = "(CFBundleURLSchemes = (timeline))";
				INFOPLIST_KEY_FirebaseAnalyticsEnabled = NO;
				INFOPLIST_KEY_FirebaseAppDelegateProxyEnabled = NO;
				INFOPLIST_KEY_FirebaseInAppMessagingAutomaticDataCollectionEnabled = NO;
				INFOPLIST_KEY_FirebaseMessagingAutoInitEnabled = NO;
				INFOPLIST_KEY_LSApplicationCategoryType = "public.app-category.games";
				INFOPLIST_KEY_NSCameraUsageDescription = "This app\n  requires camera access to scan QR codes for game joining.";
				"INFOPLIST_KEY_UIApplicationSceneManifest_Generation[sdk=iphoneos*]" = YES;
				"INFOPLIST_KEY_UIApplicationSceneManifest_Generation[sdk=iphonesimulator*]" = YES;
				"INFOPLIST_KEY_UIApplicationSupportsIndirectInputEvents[sdk=iphoneos*]" = YES;
				"INFOPLIST_KEY_UIApplicationSupportsIndirectInputEvents[sdk=iphonesimulator*]" = YES;
				"INFOPLIST_KEY_UILaunchScreen_Generation[sdk=iphoneos*]" = YES;
				"INFOPLIST_KEY_UILaunchScreen_Generation[sdk=iphonesimulator*]" = YES;
				"INFOPLIST_KEY_UIStatusBarStyle[sdk=iphoneos*]" = UIStatusBarStyleDefault;
				"INFOPLIST_KEY_UIStatusBarStyle[sdk=iphonesimulator*]" = UIStatusBarStyleDefault;
				INFOPLIST_KEY_UISupportedInterfaceOrientations_iPad = "UIInterfaceOrientationPortrait UIInterfaceOrientationPortraitUpsideDown UIInterfaceOrientationLandscapeLeft UIInterfaceOrientationLandscapeRight";
				INFOPLIST_KEY_UISupportedInterfaceOrientations_iPhone = "UIInterfaceOrientationPortrait UIInterfaceOrientationLandscapeLeft UIInterfaceOrientationLandscapeRight";
				IPHONEOS_DEPLOYMENT_TARGET = 18.5;
				LD_RUNPATH_SEARCH_PATHS = "@executable_path/Frameworks";
				"LD_RUNPATH_SEARCH_PATHS[sdk=macosx*]" = "@executable_path/../Frameworks";
				MACOSX_DEPLOYMENT_TARGET = 15.5;
				MARKETING_VERSION = 1.0;
				PRODUCT_BUNDLE_IDENTIFIER = org.vitalys.timeline;
				PRODUCT_NAME = "$(TARGET_NAME)";
				REGISTER_APP_GROUPS = YES;
				SDKROOT = auto;
				SUPPORTED_PLATFORMS = "iphoneos iphonesimulator macosx xros xrsimulator";
				SWIFT_EMIT_LOC_STRINGS = YES;
				SWIFT_VERSION = 5.0;
				TARGETED_DEVICE_FAMILY = "1,2,7";
				XROS_DEPLOYMENT_TARGET = 2.5;
			};
			name = Release;
		};
/* End XCBuildConfiguration section */

/* Begin XCConfigurationList section */
		276FD5422E72EBBB007E282D /* Build configuration list for PBXProject "timeline" */ = {
			isa = XCConfigurationList;
			buildConfigurations = (
				276FD5522E72EBBF007E282D /* Debug */,
				276FD5532E72EBBF007E282D /* Release */,
			);
			defaultConfigurationIsVisible = 0;
			defaultConfigurationName = Release;
		};
		276FD5542E72EBBF007E282D /* Build configuration list for PBXNativeTarget "timeline" */ = {
			isa = XCConfigurationList;
			buildConfigurations = (
				276FD5552E72EBBF007E282D /* Debug */,
				276FD5562E72EBBF007E282D /* Release */,
			);
			defaultConfigurationIsVisible = 0;
			defaultConfigurationName = Release;
		};
/* End XCConfigurationList section */

/* Begin XCRemoteSwiftPackageReference section */
		276FD5592E72EC3A007E282D /* XCRemoteSwiftPackageReference "firebase-ios-sdk" */ = {
			isa = XCRemoteSwiftPackageReference;
			repositoryURL = "https://github.com/firebase/firebase-ios-sdk";
			requirement = {
				kind = upToNextMajorVersion;
				minimumVersion = 12.2.0;
			};
		};
/* End XCRemoteSwiftPackageReference section */

/* Begin XCSwiftPackageProductDependency section */
		276FD55A2E72EC3A007E282D /* FirebaseAI */ = {
			isa = XCSwiftPackageProductDependency;
			package = 276FD5592E72EC3A007E282D /* XCRemoteSwiftPackageReference "firebase-ios-sdk" */;
			productName = FirebaseAI;
		};
		276FD55C2E72EC3A007E282D /* FirebaseAnalytics */ = {
			isa = XCSwiftPackageProductDependency;
			package = 276FD5592E72EC3A007E282D /* XCRemoteSwiftPackageReference "firebase-ios-sdk" */;
			productName = FirebaseAnalytics;
		};
		276FD55E2E72EC3A007E282D /* FirebaseAnalyticsCore */ = {
			isa = XCSwiftPackageProductDependency;
			package = 276FD5592E72EC3A007E282D /* XCRemoteSwiftPackageReference "firebase-ios-sdk" */;
			productName = FirebaseAnalyticsCore;
		};
		276FD5602E72EC3A007E282D /* FirebaseAnalyticsIdentitySupport */ = {
			isa = XCSwiftPackageProductDependency;
			package = 276FD5592E72EC3A007E282D /* XCRemoteSwiftPackageReference "firebase-ios-sdk" */;
			productName = FirebaseAnalyticsIdentitySupport;
		};
		276FD5622E72EC3A007E282D /* FirebaseAppCheck */ = {
			isa = XCSwiftPackageProductDependency;
			package = 276FD5592E72EC3A007E282D /* XCRemoteSwiftPackageReference "firebase-ios-sdk" */;
			productName = FirebaseAppCheck;
		};
		276FD5642E72EC3A007E282D /* FirebaseAppDistribution-Beta */ = {
			isa = XCSwiftPackageProductDependency;
			package = 276FD5592E72EC3A007E282D /* XCRemoteSwiftPackageReference "firebase-ios-sdk" */;
			productName = "FirebaseAppDistribution-Beta";
		};
		276FD5662E72EC3A007E282D /* FirebaseAuth */ = {
			isa = XCSwiftPackageProductDependency;
			package = 276FD5592E72EC3A007E282D /* XCRemoteSwiftPackageReference "firebase-ios-sdk" */;
			productName = FirebaseAuth;
		};
		276FD5682E72EC3A007E282D /* FirebaseAuthCombine-Community */ = {
			isa = XCSwiftPackageProductDependency;
			package = 276FD5592E72EC3A007E282D /* XCRemoteSwiftPackageReference "firebase-ios-sdk" */;
			productName = "FirebaseAuthCombine-Community";
		};
		276FD56A2E72EC3A007E282D /* FirebaseCore */ = {
			isa = XCSwiftPackageProductDependency;
			package = 276FD5592E72EC3A007E282D /* XCRemoteSwiftPackageReference "firebase-ios-sdk" */;
			productName = FirebaseCore;
		};
		276FD56C2E72EC3A007E282D /* FirebaseCrashlytics */ = {
			isa = XCSwiftPackageProductDependency;
			package = 276FD5592E72EC3A007E282D /* XCRemoteSwiftPackageReference "firebase-ios-sdk" */;
			productName = FirebaseCrashlytics;
		};
		276FD56E2E72EC3A007E282D /* FirebaseDatabase */ = {
			isa = XCSwiftPackageProductDependency;
			package = 276FD5592E72EC3A007E282D /* XCRemoteSwiftPackageReference "firebase-ios-sdk" */;
			productName = FirebaseDatabase;
		};
		276FD5702E72EC3A007E282D /* FirebaseFirestore */ = {
			isa = XCSwiftPackageProductDependency;
			package = 276FD5592E72EC3A007E282D /* XCRemoteSwiftPackageReference "firebase-ios-sdk" */;
			productName = FirebaseFirestore;
		};
		276FD5722E72EC3A007E282D /* FirebaseFirestoreCombine-Community */ = {
			isa = XCSwiftPackageProductDependency;
			package = 276FD5592E72EC3A007E282D /* XCRemoteSwiftPackageReference "firebase-ios-sdk" */;
			productName = "FirebaseFirestoreCombine-Community";
		};
		276FD5742E72EC3A007E282D /* FirebaseFunctions */ = {
			isa = XCSwiftPackageProductDependency;
			package = 276FD5592E72EC3A007E282D /* XCRemoteSwiftPackageReference "firebase-ios-sdk" */;
			productName = FirebaseFunctions;
		};
		276FD5762E72EC3A007E282D /* FirebaseFunctionsCombine-Community */ = {
			isa = XCSwiftPackageProductDependency;
			package = 276FD5592E72EC3A007E282D /* XCRemoteSwiftPackageReference "firebase-ios-sdk" */;
			productName = "FirebaseFunctionsCombine-Community";
		};
		276FD5782E72EC3A007E282D /* FirebaseInAppMessaging-Beta */ = {
			isa = XCSwiftPackageProductDependency;
			package = 276FD5592E72EC3A007E282D /* XCRemoteSwiftPackageReference "firebase-ios-sdk" */;
			productName = "FirebaseInAppMessaging-Beta";
		};
		276FD57A2E72EC3A007E282D /* FirebaseInstallations */ = {
			isa = XCSwiftPackageProductDependency;
			package = 276FD5592E72EC3A007E282D /* XCRemoteSwiftPackageReference "firebase-ios-sdk" */;
			productName = FirebaseInstallations;
		};
		276FD57C2E72EC3A007E282D /* FirebaseMLModelDownloader */ = {
			isa = XCSwiftPackageProductDependency;
			package = 276FD5592E72EC3A007E282D /* XCRemoteSwiftPackageReference "firebase-ios-sdk" */;
			productName = FirebaseMLModelDownloader;
		};
		276FD57E2E72EC3A007E282D /* FirebaseMessaging */ = {
			isa = XCSwiftPackageProductDependency;
			package = 276FD5592E72EC3A007E282D /* XCRemoteSwiftPackageReference "firebase-ios-sdk" */;
			productName = FirebaseMessaging;
		};
		276FD5802E72EC3A007E282D /* FirebasePerformance */ = {
			isa = XCSwiftPackageProductDependency;
			package = 276FD5592E72EC3A007E282D /* XCRemoteSwiftPackageReference "firebase-ios-sdk" */;
			productName = FirebasePerformance;
		};
		276FD5822E72EC3A007E282D /* FirebaseRemoteConfig */ = {
			isa = XCSwiftPackageProductDependency;
			package = 276FD5592E72EC3A007E282D /* XCRemoteSwiftPackageReference "firebase-ios-sdk" */;
			productName = FirebaseRemoteConfig;
		};
		276FD5842E72EC3A007E282D /* FirebaseStorage */ = {
			isa = XCSwiftPackageProductDependency;
			package = 276FD5592E72EC3A007E282D /* XCRemoteSwiftPackageReference "firebase-ios-sdk" */;
			productName = FirebaseStorage;
		};
		276FD5862E72EC3A007E282D /* FirebaseStorageCombine-Community */ = {
			isa = XCSwiftPackageProductDependency;
			package = 276FD5592E72EC3A007E282D /* XCRemoteSwiftPackageReference "firebase-ios-sdk" */;
			productName = "FirebaseStorageCombine-Community";
		};
/* End XCSwiftPackageProductDependency section */
	};
	rootObject = 276FD53F2E72EBBB007E282D /* Project object */;
}
